{
  "name": "be-verbose",
  "version": "0.0.1",
  "lockfileVersion": 1,
  "requires": true,
  "dependencies": {
    "be-decorated": {
      "version": "0.0.44",
      "resolved": "https://registry.npmjs.org/be-decorated/-/be-decorated-0.0.44.tgz",
      "integrity": "sha512-HdeACswLlmFb8YDfIVNllNBbScZB/zdCWRnh16Fx59+H97Uq5fw9d6erICWpE2koMeHiI86tCiR835zB5cMXiA==",
      "requires": {
        "trans-render": "0.0.431",
        "xtal-element": "0.0.453"
      }
    },
    "be-hive": {
      "version": "0.0.13",
      "resolved": "https://registry.npmjs.org/be-hive/-/be-hive-0.0.13.tgz",
      "integrity": "sha512-3bOh2ZZhx/n7xu3h+QyvU2Z3wzjc0DKUW1OF3zloec6WqMgnPj+IwBZXOj0uMs2laZ7mSYMFWMGI8609e5jEjA==",
      "requires": {
        "xtal-element": "0.0.453"
      }
    },
    "trans-render": {
      "version": "0.0.431",
      "resolved": "https://registry.npmjs.org/trans-render/-/trans-render-0.0.431.tgz",
      "integrity": "sha512-usSiw3sLbaBqMxE0T6YczuiKhIB53wTlgjNP3sTho2157UT6LvTWkUf60vwx+lJ2wG2ZpRFZf8uvds+squ0uww=="
    },
    "xtal-element": {
      "version": "0.0.453",
      "resolved": "https://registry.npmjs.org/xtal-element/-/xtal-element-0.0.453.tgz",
      "integrity": "sha512-pYfV5X4ZcjleMjdbCKbSf5uNZaLV5KoTMWRMfnI2kvexGOusRk1aWoqwYALvmxyLwRFSUgmCeILI4y6J3EPCng==",
      "requires": {
        "trans-render": "0.0.431"
      }
    }
  }
}
